
Microsoft Visual Studio Solution File, Format Version 12.00
# Visual Studio Version 17
VisualStudioVersion = 17.1.32210.238
MinimumVisualStudioVersion = 10.0.40219.1
Project("{2150E333-8FDC-42A3-9474-1A3956D46DE8}") = "docs", "docs", "{26DE3B69-5E3E-4805-A37F-928D381FC2FE}"
	ProjectSection(SolutionItems) = preProject
		docs\queries.sql = docs\queries.sql
		docs\README.md = docs\README.md
	EndProjectSection
EndProject
Project("{2150E333-8FDC-42A3-9474-1A3956D46DE8}") = "src", "src", "{25FD24C4-F1A5-4937-8B54-48D907D46FD5}"
EndProject
Project("{9A19103F-16F7-4668-BE54-9A1E7A4F7556}") = "WebApi", "src\WebApi\WebApi.csproj", "{89265A94-0487-4151-BE1E-71FF717D613D}"
EndProject
Project("{2150E333-8FDC-42A3-9474-1A3956D46DE8}") = "Apis", "Apis", "{D8E871B1-8DDA-41F4-B2C1-8B2C2D4AFEFD}"
EndProject
Project("{2150E333-8FDC-42A3-9474-1A3956D46DE8}") = "Contextos", "Contextos", "{CAFCA1DA-8473-435F-965A-5E1D1681CCFB}"
EndProject
Project("{2150E333-8FDC-42A3-9474-1A3956D46DE8}") = "Cadastros", "Cadastros", "{5C6B29F3-5186-411C-840F-E8D91A4CB0DC}"
EndProject
Project("{2150E333-8FDC-42A3-9474-1A3956D46DE8}") = "1-Aplicacoes", "1-Aplicacoes", "{D71DD281-B980-4FB4-8695-29C16AADA613}"
EndProject
Project("{2150E333-8FDC-42A3-9474-1A3956D46DE8}") = "2-Dominios", "2-Dominios", "{FB07E6AC-729E-4E21-AC10-A0D790294918}"
EndProject
Project("{2150E333-8FDC-42A3-9474-1A3956D46DE8}") = "3-Infra", "3-Infra", "{1C27465B-AFA1-432D-9DC4-4CC46AC079E1}"
EndProject
Project("{9A19103F-16F7-4668-BE54-9A1E7A4F7556}") = "TesteTecnomyl.Cadastros.Dominios", "src\TesteTecnomyl.Cadastros.Dominios\TesteTecnomyl.Cadastros.Dominios.csproj", "{FAFA85CA-59E1-46F4-8B01-4842926AF06E}"
EndProject
Project("{2150E333-8FDC-42A3-9474-1A3956D46DE8}") = "3.1-Dados", "3.1-Dados", "{8D3641E5-98F2-471C-BD0E-EA7C18A7494C}"
EndProject
Project("{9A19103F-16F7-4668-BE54-9A1E7A4F7556}") = "TesteTecnomyl.Cadastros.Infra.Dados", "src\TesteTecnomyl.Cadastros.Infra.Dados\TesteTecnomyl.Cadastros.Infra.Dados.csproj", "{858C6A05-6E85-46BB-A8AA-9D0E8A2591C9}"
EndProject
Project("{2150E333-8FDC-42A3-9474-1A3956D46DE8}") = "3.2-CrossCutting", "3.2-CrossCutting", "{EA6BA0C0-547A-4737-A3F6-08CC6B4A5DAF}"
EndProject
Project("{9A19103F-16F7-4668-BE54-9A1E7A4F7556}") = "TesteTecnomyl.Cadastros.Infra.IoC", "src\TesteTecnomyl.Cadastros.Infra.IoC\TesteTecnomyl.Cadastros.Infra.IoC.csproj", "{D1DABB4C-BA11-4D0D-9DE5-F57450C02223}"
EndProject
Project("{9A19103F-16F7-4668-BE54-9A1E7A4F7556}") = "TesteTecnomyl.Cadastros.Aplicacoes", "src\TesteTecnomyl.Cadastros.Aplicacoes\TesteTecnomyl.Cadastros.Aplicacoes.csproj", "{B3CF1CF6-4A1C-4885-9C0E-8BC4D7306891}"
EndProject
Global
	GlobalSection(SolutionConfigurationPlatforms) = preSolution
		Debug|Any CPU = Debug|Any CPU
		Release|Any CPU = Release|Any CPU
	EndGlobalSection
	GlobalSection(ProjectConfigurationPlatforms) = postSolution
		{89265A94-0487-4151-BE1E-71FF717D613D}.Debug|Any CPU.ActiveCfg = Debug|Any CPU
		{89265A94-0487-4151-BE1E-71FF717D613D}.Debug|Any CPU.Build.0 = Debug|Any CPU
		{89265A94-0487-4151-BE1E-71FF717D613D}.Release|Any CPU.ActiveCfg = Release|Any CPU
		{89265A94-0487-4151-BE1E-71FF717D613D}.Release|Any CPU.Build.0 = Release|Any CPU
		{FAFA85CA-59E1-46F4-8B01-4842926AF06E}.Debug|Any CPU.ActiveCfg = Debug|Any CPU
		{FAFA85CA-59E1-46F4-8B01-4842926AF06E}.Debug|Any CPU.Build.0 = Debug|Any CPU
		{FAFA85CA-59E1-46F4-8B01-4842926AF06E}.Release|Any CPU.ActiveCfg = Release|Any CPU
		{FAFA85CA-59E1-46F4-8B01-4842926AF06E}.Release|Any CPU.Build.0 = Release|Any CPU
		{858C6A05-6E85-46BB-A8AA-9D0E8A2591C9}.Debug|Any CPU.ActiveCfg = Debug|Any CPU
		{858C6A05-6E85-46BB-A8AA-9D0E8A2591C9}.Debug|Any CPU.Build.0 = Debug|Any CPU
		{858C6A05-6E85-46BB-A8AA-9D0E8A2591C9}.Release|Any CPU.ActiveCfg = Release|Any CPU
		{858C6A05-6E85-46BB-A8AA-9D0E8A2591C9}.Release|Any CPU.Build.0 = Release|Any CPU
		{D1DABB4C-BA11-4D0D-9DE5-F57450C02223}.Debug|Any CPU.ActiveCfg = Debug|Any CPU
		{D1DABB4C-BA11-4D0D-9DE5-F57450C02223}.Debug|Any CPU.Build.0 = Debug|Any CPU
		{D1DABB4C-BA11-4D0D-9DE5-F57450C02223}.Release|Any CPU.ActiveCfg = Release|Any CPU
		{D1DABB4C-BA11-4D0D-9DE5-F57450C02223}.Release|Any CPU.Build.0 = Release|Any CPU
		{B3CF1CF6-4A1C-4885-9C0E-8BC4D7306891}.Debug|Any CPU.ActiveCfg = Debug|Any CPU
		{B3CF1CF6-4A1C-4885-9C0E-8BC4D7306891}.Debug|Any CPU.Build.0 = Debug|Any CPU
		{B3CF1CF6-4A1C-4885-9C0E-8BC4D7306891}.Release|Any CPU.ActiveCfg = Release|Any CPU
		{B3CF1CF6-4A1C-4885-9C0E-8BC4D7306891}.Release|Any CPU.Build.0 = Release|Any CPU
	EndGlobalSection
	GlobalSection(SolutionProperties) = preSolution
		HideSolutionNode = FALSE
	EndGlobalSection
	GlobalSection(NestedProjects) = preSolution
		{89265A94-0487-4151-BE1E-71FF717D613D} = {D8E871B1-8DDA-41F4-B2C1-8B2C2D4AFEFD}
		{D8E871B1-8DDA-41F4-B2C1-8B2C2D4AFEFD} = {25FD24C4-F1A5-4937-8B54-48D907D46FD5}
		{CAFCA1DA-8473-435F-965A-5E1D1681CCFB} = {25FD24C4-F1A5-4937-8B54-48D907D46FD5}
		{5C6B29F3-5186-411C-840F-E8D91A4CB0DC} = {CAFCA1DA-8473-435F-965A-5E1D1681CCFB}
		{D71DD281-B980-4FB4-8695-29C16AADA613} = {5C6B29F3-5186-411C-840F-E8D91A4CB0DC}
		{FB07E6AC-729E-4E21-AC10-A0D790294918} = {5C6B29F3-5186-411C-840F-E8D91A4CB0DC}
		{1C27465B-AFA1-432D-9DC4-4CC46AC079E1} = {5C6B29F3-5186-411C-840F-E8D91A4CB0DC}
		{FAFA85CA-59E1-46F4-8B01-4842926AF06E} = {FB07E6AC-729E-4E21-AC10-A0D790294918}
		{8D3641E5-98F2-471C-BD0E-EA7C18A7494C} = {1C27465B-AFA1-432D-9DC4-4CC46AC079E1}
		{858C6A05-6E85-46BB-A8AA-9D0E8A2591C9} = {8D3641E5-98F2-471C-BD0E-EA7C18A7494C}
		{EA6BA0C0-547A-4737-A3F6-08CC6B4A5DAF} = {1C27465B-AFA1-432D-9DC4-4CC46AC079E1}
		{D1DABB4C-BA11-4D0D-9DE5-F57450C02223} = {EA6BA0C0-547A-4737-A3F6-08CC6B4A5DAF}
		{B3CF1CF6-4A1C-4885-9C0E-8BC4D7306891} = {D71DD281-B980-4FB4-8695-29C16AADA613}
	EndGlobalSection
	GlobalSection(ExtensibilityGlobals) = postSolution
		SolutionGuid = {76EDC777-3CCD-47CB-B7BC-6F41AE3465BB}
	EndGlobalSection
EndGlobal
